<?xml version="1.0" encoding="utf-8"?>
<Project ToolsVersion="4.0" xmlns="http://schemas.microsoft.com/developer/msbuild/2003">
  <ItemGroup>
    <Filter Include="condition">
      <UniqueIdentifier>{4FC737F1-C7A5-4376-A066-2A32D752A2FF}</UniqueIdentifier>
      <Extensions>cpp;c;cc;cxx;def;odl;idl;hpj;bat;asm;asmx</Extensions>
    </Filter>
    <Filter Include="base">
      <UniqueIdentifier>{93995380-89BD-4b04-88EB-625FBE52EBFB}</UniqueIdentifier>
      <Extensions>h;hh;hpp;hxx;hm;inl;inc;xsd</Extensions>
    </Filter>
    <Filter Include="util">
      <UniqueIdentifier>{ff5db783-2ed0-41c4-9543-d05587140e55}</UniqueIdentifier>
    </Filter>
    <Filter Include="net">
      <UniqueIdentifier>{eee53411-c7a0-4552-85ab-81e36a0b66cc}</UniqueIdentifier>
    </Filter>
  </ItemGroup>
  <ItemGroup>
    <ClCompile Include="..\src\fd_event.cc">
      <Filter>condition</Filter>
    </ClCompile>
    <ClCompile Include="..\src\libevent_watcher.cc">
      <Filter>condition</Filter>
    </ClCompile>
    <ClCompile Include="..\src\inner_pre.cc">
      <Filter>base</Filter>
    </ClCompile>
    <ClCompile Include="..\src\libevent_compact.cc">
      <Filter>base</Filter>
    </ClCompile>
    <ClCompile Include="..\src\pch.cc">
      <Filter>base</Filter>
    </ClCompile>
    <ClCompile Include="..\src\io_event_channel.cc">
      <Filter>net</Filter>
    </ClCompile>
  </ItemGroup>
  <ItemGroup>
    <ClInclude Include="..\src\exp.h">
      <Filter>base</Filter>
    </ClInclude>
    <ClInclude Include="..\src\inner_pre.h">
      <Filter>base</Filter>
    </ClInclude>
    <ClInclude Include="..\src\libevent_headers.h">
      <Filter>base</Filter>
    </ClInclude>
    <ClInclude Include="..\src\platform_config.h">
      <Filter>base</Filter>
    </ClInclude>
    <ClInclude Include="..\src\gettimeofday.h">
      <Filter>base</Filter>
    </ClInclude>
    <ClInclude Include="..\src\libevent_watcher.h">
      <Filter>condition</Filter>
    </ClInclude>
    <ClInclude Include="..\src\fd_event.h">
      <Filter>condition</Filter>
    </ClInclude>
    <ClInclude Include="..\src\timestamp.h">
      <Filter>util</Filter>
    </ClInclude>
    <ClInclude Include="..\src\timestamp.inl.h">
      <Filter>util</Filter>
    </ClInclude>
    <ClInclude Include="..\src\duration.h">
      <Filter>util</Filter>
    </ClInclude>
    <ClInclude Include="..\src\duration.inl.h">
      <Filter>util</Filter>
    </ClInclude>
    <ClInclude Include="..\src\io_event_channel.h">
      <Filter>net</Filter>
    </ClInclude>
  </ItemGroup>
</Project>